
Microsoft Visual Studio Solution File, Format Version 12.00
# Visual Studio 2013
VisualStudioVersion = 12.0.31101.0
MinimumVisualStudioVersion = 10.0.40219.1
Project("{FAE04EC0-301F-11D3-BF4B-00C04F79EFBC}") = "PokerCore", "PokerCore.csproj", "{F4BA19CA-3B0B-4B0A-909D-891916FEFD62}"
EndProject
Project("{FAE04EC0-301F-11D3-BF4B-00C04F79EFBC}") = "PokerConsole", "..\PokerConsole\PokerConsole.csproj", "{1026B27E-0A60-474B-9449-DEF6FBB133EB}"
EndProject
Project("{FAE04EC0-301F-11D3-BF4B-00C04F79EFBC}") = "PokerTests", "..\PokerTests\PokerTests.csproj", "{C3F4B96B-784B-4713-A6F5-07F846E44BAE}"
EndProject
Global
	GlobalSection(SolutionConfigurationPlatforms) = preSolution
		Debug|Any CPU = Debug|Any CPU
		Release|Any CPU = Release|Any CPU
	EndGlobalSection
	GlobalSection(ProjectConfigurationPlatforms) = postSolution
		{F4BA19CA-3B0B-4B0A-909D-891916FEFD62}.Debug|Any CPU.ActiveCfg = Debug|Any CPU
		{F4BA19CA-3B0B-4B0A-909D-891916FEFD62}.Debug|Any CPU.Build.0 = Debug|Any CPU
		{F4BA19CA-3B0B-4B0A-909D-891916FEFD62}.Release|Any CPU.ActiveCfg = Release|Any CPU
		{F4BA19CA-3B0B-4B0A-909D-891916FEFD62}.Release|Any CPU.Build.0 = Release|Any CPU
		{1026B27E-0A60-474B-9449-DEF6FBB133EB}.Debug|Any CPU.ActiveCfg = Debug|Any CPU
		{1026B27E-0A60-474B-9449-DEF6FBB133EB}.Debug|Any CPU.Build.0 = Debug|Any CPU
		{1026B27E-0A60-474B-9449-DEF6FBB133EB}.Release|Any CPU.ActiveCfg = Release|Any CPU
		{1026B27E-0A60-474B-9449-DEF6FBB133EB}.Release|Any CPU.Build.0 = Release|Any CPU
		{C3F4B96B-784B-4713-A6F5-07F846E44BAE}.Debug|Any CPU.ActiveCfg = Debug|Any CPU
		{C3F4B96B-784B-4713-A6F5-07F846E44BAE}.Debug|Any CPU.Build.0 = Debug|Any CPU
		{C3F4B96B-784B-4713-A6F5-07F846E44BAE}.Release|Any CPU.ActiveCfg = Release|Any CPU
		{C3F4B96B-784B-4713-A6F5-07F846E44BAE}.Release|Any CPU.Build.0 = Release|Any CPU
	EndGlobalSection
	GlobalSection(SolutionProperties) = preSolution
		HideSolutionNode = FALSE
	EndGlobalSection
EndGlobal
